
Microsoft Visual Studio Solution File, Format Version 12.00
# Visual Studio 15
Project("{FAE04EC0-301F-11D3-BF4B-00C04F79EFBC}") = "Assembly-CSharp", "Assembly-CSharp.csproj", "{10C408AE-640A-E873-165B-C0A3C7F6A76C}"
EndProject
Project("{FAE04EC0-301F-11D3-BF4B-00C04F79EFBC}") = "Assembly-CSharp-firstpass", "Assembly-CSharp-firstpass.csproj", "{74D86A28-06BC-D1E8-DD15-F0792B0D0DF7}"
EndProject
Project("{FAE04EC0-301F-11D3-BF4B-00C04F79EFBC}") = "Assembly-CSharp-Editor", "Assembly-CSharp-Editor.csproj", "{DC365CAF-7CF5-359F-46C9-80BC03376CAB}"
EndProject
Global
	GlobalSection(SolutionConfigurationPlatforms) = preSolution
		Debug|Any CPU = Debug|Any CPU
		Release|Any CPU = Release|Any CPU
	EndGlobalSection
	GlobalSection(ProjectConfigurationPlatforms) = postSolution
		{10C408AE-640A-E873-165B-C0A3C7F6A76C}.Debug|Any CPU.ActiveCfg = Debug|Any CPU
		{10C408AE-640A-E873-165B-C0A3C7F6A76C}.Debug|Any CPU.Build.0 = Debug|Any CPU
		{10C408AE-640A-E873-165B-C0A3C7F6A76C}.Release|Any CPU.ActiveCfg = Release|Any CPU
		{10C408AE-640A-E873-165B-C0A3C7F6A76C}.Release|Any CPU.Build.0 = Release|Any CPU
		{74D86A28-06BC-D1E8-DD15-F0792B0D0DF7}.Debug|Any CPU.ActiveCfg = Debug|Any CPU
		{74D86A28-06BC-D1E8-DD15-F0792B0D0DF7}.Debug|Any CPU.Build.0 = Debug|Any CPU
		{74D86A28-06BC-D1E8-DD15-F0792B0D0DF7}.Release|Any CPU.ActiveCfg = Release|Any CPU
		{74D86A28-06BC-D1E8-DD15-F0792B0D0DF7}.Release|Any CPU.Build.0 = Release|Any CPU
		{DC365CAF-7CF5-359F-46C9-80BC03376CAB}.Debug|Any CPU.ActiveCfg = Debug|Any CPU
		{DC365CAF-7CF5-359F-46C9-80BC03376CAB}.Debug|Any CPU.Build.0 = Debug|Any CPU
		{DC365CAF-7CF5-359F-46C9-80BC03376CAB}.Release|Any CPU.ActiveCfg = Release|Any CPU
		{DC365CAF-7CF5-359F-46C9-80BC03376CAB}.Release|Any CPU.Build.0 = Release|Any CPU
	EndGlobalSection
	GlobalSection(SolutionProperties) = preSolution
		HideSolutionNode = FALSE
	EndGlobalSection
EndGlobal
